
Microsoft Visual Studio Solution File, Format Version 12.00
# Visual Studio 2012
Project("{FAE04EC0-301F-11D3-BF4B-00C04F79EFBC}") = "Sparrow.Chart.Installer", "Sparrow.Chart.Installer.csproj", "{1CEF5B7D-FDF5-4263-A0CA-E7BB77D36EE6}"
EndProject
Project("{FAE04EC0-301F-11D3-BF4B-00C04F79EFBC}") = "Sparrow.Resources", "..\..\Sparrow.Resources\Sparrow.Resources.csproj", "{4AE312FE-9E56-4CED-8186-3B778EF58032}"
EndProject
Global
	GlobalSection(SolutionConfigurationPlatforms) = preSolution
		Debug|Any CPU = Debug|Any CPU
		Debug|ARM = Debug|ARM
		Debug|Mixed Platforms = Debug|Mixed Platforms
		Debug|x64 = Debug|x64
		Debug|x86 = Debug|x86
		Release|Any CPU = Release|Any CPU
		Release|ARM = Release|ARM
		Release|Mixed Platforms = Release|Mixed Platforms
		Release|x64 = Release|x64
		Release|x86 = Release|x86
		Release-xml|Any CPU = Release-xml|Any CPU
		Release-xml|ARM = Release-xml|ARM
		Release-xml|Mixed Platforms = Release-xml|Mixed Platforms
		Release-xml|x64 = Release-xml|x64
		Release-xml|x86 = Release-xml|x86
	EndGlobalSection
	GlobalSection(ProjectConfigurationPlatforms) = postSolution
		{1CEF5B7D-FDF5-4263-A0CA-E7BB77D36EE6}.Debug|Any CPU.ActiveCfg = Debug|Any CPU
		{1CEF5B7D-FDF5-4263-A0CA-E7BB77D36EE6}.Debug|Any CPU.Build.0 = Debug|Any CPU
		{1CEF5B7D-FDF5-4263-A0CA-E7BB77D36EE6}.Debug|ARM.ActiveCfg = Debug|Any CPU
		{1CEF5B7D-FDF5-4263-A0CA-E7BB77D36EE6}.Debug|Mixed Platforms.ActiveCfg = Debug|Any CPU
		{1CEF5B7D-FDF5-4263-A0CA-E7BB77D36EE6}.Debug|Mixed Platforms.Build.0 = Debug|Any CPU
		{1CEF5B7D-FDF5-4263-A0CA-E7BB77D36EE6}.Debug|x64.ActiveCfg = Debug|Any CPU
		{1CEF5B7D-FDF5-4263-A0CA-E7BB77D36EE6}.Debug|x86.ActiveCfg = Debug|Any CPU
		{1CEF5B7D-FDF5-4263-A0CA-E7BB77D36EE6}.Release|Any CPU.ActiveCfg = Release|Any CPU
		{1CEF5B7D-FDF5-4263-A0CA-E7BB77D36EE6}.Release|Any CPU.Build.0 = Release|Any CPU
		{1CEF5B7D-FDF5-4263-A0CA-E7BB77D36EE6}.Release|ARM.ActiveCfg = Release|Any CPU
		{1CEF5B7D-FDF5-4263-A0CA-E7BB77D36EE6}.Release|Mixed Platforms.ActiveCfg = Release|Any CPU
		{1CEF5B7D-FDF5-4263-A0CA-E7BB77D36EE6}.Release|Mixed Platforms.Build.0 = Release|Any CPU
		{1CEF5B7D-FDF5-4263-A0CA-E7BB77D36EE6}.Release|x64.ActiveCfg = Release|Any CPU
		{1CEF5B7D-FDF5-4263-A0CA-E7BB77D36EE6}.Release|x86.ActiveCfg = Release|Any CPU
		{1CEF5B7D-FDF5-4263-A0CA-E7BB77D36EE6}.Release-xml|Any CPU.ActiveCfg = Release|Any CPU
		{1CEF5B7D-FDF5-4263-A0CA-E7BB77D36EE6}.Release-xml|Any CPU.Build.0 = Release|Any CPU
		{1CEF5B7D-FDF5-4263-A0CA-E7BB77D36EE6}.Release-xml|ARM.ActiveCfg = Release|Any CPU
		{1CEF5B7D-FDF5-4263-A0CA-E7BB77D36EE6}.Release-xml|Mixed Platforms.ActiveCfg = Release|Any CPU
		{1CEF5B7D-FDF5-4263-A0CA-E7BB77D36EE6}.Release-xml|Mixed Platforms.Build.0 = Release|Any CPU
		{1CEF5B7D-FDF5-4263-A0CA-E7BB77D36EE6}.Release-xml|x64.ActiveCfg = Release|Any CPU
		{1CEF5B7D-FDF5-4263-A0CA-E7BB77D36EE6}.Release-xml|x86.ActiveCfg = Release|Any CPU
		{4AE312FE-9E56-4CED-8186-3B778EF58032}.Debug|Any CPU.ActiveCfg = Debug|Any CPU
		{4AE312FE-9E56-4CED-8186-3B778EF58032}.Debug|Any CPU.Build.0 = Debug|Any CPU
		{4AE312FE-9E56-4CED-8186-3B778EF58032}.Debug|ARM.ActiveCfg = Debug|Any CPU
		{4AE312FE-9E56-4CED-8186-3B778EF58032}.Debug|Mixed Platforms.ActiveCfg = Debug|Any CPU
		{4AE312FE-9E56-4CED-8186-3B778EF58032}.Debug|Mixed Platforms.Build.0 = Debug|Any CPU
		{4AE312FE-9E56-4CED-8186-3B778EF58032}.Debug|x64.ActiveCfg = Debug|Any CPU
		{4AE312FE-9E56-4CED-8186-3B778EF58032}.Debug|x86.ActiveCfg = Debug|Any CPU
		{4AE312FE-9E56-4CED-8186-3B778EF58032}.Release|Any CPU.ActiveCfg = Release|Any CPU
		{4AE312FE-9E56-4CED-8186-3B778EF58032}.Release|Any CPU.Build.0 = Release|Any CPU
		{4AE312FE-9E56-4CED-8186-3B778EF58032}.Release|ARM.ActiveCfg = Release|Any CPU
		{4AE312FE-9E56-4CED-8186-3B778EF58032}.Release|Mixed Platforms.ActiveCfg = Release|Any CPU
		{4AE312FE-9E56-4CED-8186-3B778EF58032}.Release|Mixed Platforms.Build.0 = Release|Any CPU
		{4AE312FE-9E56-4CED-8186-3B778EF58032}.Release|x64.ActiveCfg = Release|Any CPU
		{4AE312FE-9E56-4CED-8186-3B778EF58032}.Release|x86.ActiveCfg = Release|Any CPU
		{4AE312FE-9E56-4CED-8186-3B778EF58032}.Release-xml|Any CPU.ActiveCfg = Release|Any CPU
		{4AE312FE-9E56-4CED-8186-3B778EF58032}.Release-xml|Any CPU.Build.0 = Release|Any CPU
		{4AE312FE-9E56-4CED-8186-3B778EF58032}.Release-xml|ARM.ActiveCfg = Release|Any CPU
		{4AE312FE-9E56-4CED-8186-3B778EF58032}.Release-xml|Mixed Platforms.ActiveCfg = Release|Any CPU
		{4AE312FE-9E56-4CED-8186-3B778EF58032}.Release-xml|Mixed Platforms.Build.0 = Release|Any CPU
		{4AE312FE-9E56-4CED-8186-3B778EF58032}.Release-xml|x64.ActiveCfg = Release|Any CPU
		{4AE312FE-9E56-4CED-8186-3B778EF58032}.Release-xml|x86.ActiveCfg = Release|Any CPU
	EndGlobalSection
	GlobalSection(SolutionProperties) = preSolution
		HideSolutionNode = FALSE
	EndGlobalSection
EndGlobal
