
Microsoft Visual Studio Solution File, Format Version 12.00
# Visual Studio 2012
Project("{FAE04EC0-301F-11D3-BF4B-00C04F79EFBC}") = "Sparrow.Chart.Android", "Sparrow.Chart.Android.csproj", "{1C98BCFF-7371-4123-BCC8-E3D627448199}"
EndProject
Global
	GlobalSection(SolutionConfigurationPlatforms) = preSolution
		Debug|Any CPU = Debug|Any CPU
		Release|Any CPU = Release|Any CPU
	EndGlobalSection
	GlobalSection(ProjectConfigurationPlatforms) = postSolution
		{1C98BCFF-7371-4123-BCC8-E3D627448199}.Debug|Any CPU.ActiveCfg = Debug|Any CPU
		{1C98BCFF-7371-4123-BCC8-E3D627448199}.Debug|Any CPU.Build.0 = Debug|Any CPU
		{1C98BCFF-7371-4123-BCC8-E3D627448199}.Release|Any CPU.ActiveCfg = Release|Any CPU
		{1C98BCFF-7371-4123-BCC8-E3D627448199}.Release|Any CPU.Build.0 = Release|Any CPU
	EndGlobalSection
	GlobalSection(SolutionProperties) = preSolution
		HideSolutionNode = FALSE
	EndGlobalSection
	GlobalSection(MonoDevelopProperties) = preSolution
		StartupItem = Sparr.Chart.Android.Demos\Sparrow.Chart.Android.Demos.csproj
	EndGlobalSection
EndGlobal
