
Microsoft Visual Studio Solution File, Format Version 11.00
# Visual Studio 2010
Project("{FAE04EC0-301F-11D3-BF4B-00C04F79EFBC}") = "Sparrow.Chart.WP7_2010", "Sparrow.Chart.WP7_2010.csproj", "{4DB782CD-732A-435E-BF8E-87BB990FAFEC}"
EndProject
Global
	GlobalSection(SolutionConfigurationPlatforms) = preSolution
		Debug|Any CPU = Debug|Any CPU
		Release|Any CPU = Release|Any CPU
	EndGlobalSection
	GlobalSection(ProjectConfigurationPlatforms) = postSolution
		{4DB782CD-732A-435E-BF8E-87BB990FAFEC}.Debug|Any CPU.ActiveCfg = Debug|Any CPU
		{4DB782CD-732A-435E-BF8E-87BB990FAFEC}.Debug|Any CPU.Build.0 = Debug|Any CPU
		{4DB782CD-732A-435E-BF8E-87BB990FAFEC}.Release|Any CPU.ActiveCfg = Release|Any CPU
		{4DB782CD-732A-435E-BF8E-87BB990FAFEC}.Release|Any CPU.Build.0 = Release|Any CPU
	EndGlobalSection
	GlobalSection(SolutionProperties) = preSolution
		HideSolutionNode = FALSE
	EndGlobalSection
EndGlobal
