
Microsoft Visual Studio Solution File, Format Version 12.00
# Visual Studio 2012
Project("{FAE04EC0-301F-11D3-BF4B-00C04F79EFBC}") = "Sparrow.Chart.Wpf_VS2012", "Sparrow.Chart.Wpf_VS2012.csproj", "{EC5C88F1-AB88-4517-8CBE-50B2C6EF1F55}"
EndProject
Global
	GlobalSection(SolutionConfigurationPlatforms) = preSolution
		Debug|Any CPU = Debug|Any CPU
		Debug|Mixed Platforms = Debug|Mixed Platforms
		Debug|x64 = Debug|x64
		Debug|x86 = Debug|x86
		Release|Any CPU = Release|Any CPU
		Release|Mixed Platforms = Release|Mixed Platforms
		Release|x64 = Release|x64
		Release|x86 = Release|x86
		Release-xml|Any CPU = Release-xml|Any CPU
		Release-xml|Mixed Platforms = Release-xml|Mixed Platforms
		Release-xml|x64 = Release-xml|x64
		Release-xml|x86 = Release-xml|x86
	EndGlobalSection
	GlobalSection(ProjectConfigurationPlatforms) = postSolution
		{EC5C88F1-AB88-4517-8CBE-50B2C6EF1F55}.Debug|Any CPU.ActiveCfg = Debug|Any CPU
		{EC5C88F1-AB88-4517-8CBE-50B2C6EF1F55}.Debug|Any CPU.Build.0 = Debug|Any CPU
		{EC5C88F1-AB88-4517-8CBE-50B2C6EF1F55}.Debug|Mixed Platforms.ActiveCfg = Debug|x86
		{EC5C88F1-AB88-4517-8CBE-50B2C6EF1F55}.Debug|Mixed Platforms.Build.0 = Debug|x86
		{EC5C88F1-AB88-4517-8CBE-50B2C6EF1F55}.Debug|x64.ActiveCfg = Debug|x64
		{EC5C88F1-AB88-4517-8CBE-50B2C6EF1F55}.Debug|x64.Build.0 = Debug|x64
		{EC5C88F1-AB88-4517-8CBE-50B2C6EF1F55}.Debug|x86.ActiveCfg = Debug|x86
		{EC5C88F1-AB88-4517-8CBE-50B2C6EF1F55}.Debug|x86.Build.0 = Debug|x86
		{EC5C88F1-AB88-4517-8CBE-50B2C6EF1F55}.Release|Any CPU.ActiveCfg = Release|Any CPU
		{EC5C88F1-AB88-4517-8CBE-50B2C6EF1F55}.Release|Any CPU.Build.0 = Release|Any CPU
		{EC5C88F1-AB88-4517-8CBE-50B2C6EF1F55}.Release|Mixed Platforms.ActiveCfg = Release|x86
		{EC5C88F1-AB88-4517-8CBE-50B2C6EF1F55}.Release|Mixed Platforms.Build.0 = Release|x86
		{EC5C88F1-AB88-4517-8CBE-50B2C6EF1F55}.Release|x64.ActiveCfg = Release|x64
		{EC5C88F1-AB88-4517-8CBE-50B2C6EF1F55}.Release|x64.Build.0 = Release|x64
		{EC5C88F1-AB88-4517-8CBE-50B2C6EF1F55}.Release|x86.ActiveCfg = Release|x86
		{EC5C88F1-AB88-4517-8CBE-50B2C6EF1F55}.Release|x86.Build.0 = Release|x86
		{EC5C88F1-AB88-4517-8CBE-50B2C6EF1F55}.Release-xml|Any CPU.ActiveCfg = Release|Any CPU
		{EC5C88F1-AB88-4517-8CBE-50B2C6EF1F55}.Release-xml|Any CPU.Build.0 = Release|Any CPU
		{EC5C88F1-AB88-4517-8CBE-50B2C6EF1F55}.Release-xml|Mixed Platforms.ActiveCfg = Release|Any CPU
		{EC5C88F1-AB88-4517-8CBE-50B2C6EF1F55}.Release-xml|Mixed Platforms.Build.0 = Release|Any CPU
		{EC5C88F1-AB88-4517-8CBE-50B2C6EF1F55}.Release-xml|x64.ActiveCfg = Release|x64
		{EC5C88F1-AB88-4517-8CBE-50B2C6EF1F55}.Release-xml|x64.Build.0 = Release|x64
		{EC5C88F1-AB88-4517-8CBE-50B2C6EF1F55}.Release-xml|x86.ActiveCfg = Release|Any CPU
		{EC5C88F1-AB88-4517-8CBE-50B2C6EF1F55}.Release-xml|x86.Build.0 = Release|Any CPU
	EndGlobalSection
	GlobalSection(SolutionProperties) = preSolution
		HideSolutionNode = FALSE
	EndGlobalSection
EndGlobal
