
Microsoft Visual Studio Solution File, Format Version 12.00
# Visual Studio 2012
Project("{FAE04EC0-301F-11D3-BF4B-00C04F79EFBC}") = "Sparrow.BulletGraph.Silverlight", "Sparrow.BulletGraph.Silverlight.csproj", "{09A874B9-8AE9-4F95-A2C5-2605C0A27C04}"
EndProject
Global
	GlobalSection(SolutionConfigurationPlatforms) = preSolution
		Debug|Any CPU = Debug|Any CPU
		Release|Any CPU = Release|Any CPU
	EndGlobalSection
	GlobalSection(ProjectConfigurationPlatforms) = postSolution
		{09A874B9-8AE9-4F95-A2C5-2605C0A27C04}.Debug|Any CPU.ActiveCfg = Debug|Any CPU
		{09A874B9-8AE9-4F95-A2C5-2605C0A27C04}.Debug|Any CPU.Build.0 = Debug|Any CPU
		{09A874B9-8AE9-4F95-A2C5-2605C0A27C04}.Release|Any CPU.ActiveCfg = Release|Any CPU
		{09A874B9-8AE9-4F95-A2C5-2605C0A27C04}.Release|Any CPU.Build.0 = Release|Any CPU
	EndGlobalSection
	GlobalSection(SolutionProperties) = preSolution
		HideSolutionNode = FALSE
	EndGlobalSection
EndGlobal
