
Microsoft Visual Studio Solution File, Format Version 12.00
# Visual Studio 2012
Project("{8BC9CEB8-8B4A-11D0-8D11-00A0C91BC942}") = "Sparrow.DirectX_x64", "Source\Sparrow.DirectX\DirectX\Sparrow.DirectX_x64.vcxproj", "{446B1E21-65A1-4F56-AA2C-D2E24058B2B8}"
EndProject
Project("{FAE04EC0-301F-11D3-BF4B-00C04F79EFBC}") = "Sparrow.Directx2D_x64", "Source\Sparrow.Directx2D\Sparrow.Directx2D_x64.csproj", "{23D0FE6E-42C5-4F0A-B7D3-A918F813CDBB}"
EndProject
Project("{FAE04EC0-301F-11D3-BF4B-00C04F79EFBC}") = "Sparrow.Chart.Directx2D_x64", "Source\Sparrow.Chart\Sparrow.Chart.Directx2D_x64.csproj", "{561755E1-9492-4EC2-ACA1-8CF76E6CAC5A}"
EndProject
Global
	GlobalSection(SolutionConfigurationPlatforms) = preSolution
		Debug with FxCop|Any CPU = Debug with FxCop|Any CPU
		Debug with FxCop|Mixed Platforms = Debug with FxCop|Mixed Platforms
		Debug with FxCop|Win32 = Debug with FxCop|Win32
		Debug with FxCop|x64 = Debug with FxCop|x64
		Debug with FxCop|x86 = Debug with FxCop|x86
		Debug|Any CPU = Debug|Any CPU
		Debug|Mixed Platforms = Debug|Mixed Platforms
		Debug|Win32 = Debug|Win32
		Debug|x64 = Debug|x64
		Debug|x86 = Debug|x86
		Release with FxCop|Any CPU = Release with FxCop|Any CPU
		Release with FxCop|Mixed Platforms = Release with FxCop|Mixed Platforms
		Release with FxCop|Win32 = Release with FxCop|Win32
		Release with FxCop|x64 = Release with FxCop|x64
		Release with FxCop|x86 = Release with FxCop|x86
		Release|Any CPU = Release|Any CPU
		Release|Mixed Platforms = Release|Mixed Platforms
		Release|Win32 = Release|Win32
		Release|x64 = Release|x64
		Release|x86 = Release|x86
	EndGlobalSection
	GlobalSection(ProjectConfigurationPlatforms) = postSolution
		{446B1E21-65A1-4F56-AA2C-D2E24058B2B8}.Debug with FxCop|Any CPU.ActiveCfg = Debug with FxCop|Win32
		{446B1E21-65A1-4F56-AA2C-D2E24058B2B8}.Debug with FxCop|Mixed Platforms.ActiveCfg = Debug with FxCop|Win32
		{446B1E21-65A1-4F56-AA2C-D2E24058B2B8}.Debug with FxCop|Mixed Platforms.Build.0 = Debug with FxCop|Win32
		{446B1E21-65A1-4F56-AA2C-D2E24058B2B8}.Debug with FxCop|Win32.ActiveCfg = Debug with FxCop|Win32
		{446B1E21-65A1-4F56-AA2C-D2E24058B2B8}.Debug with FxCop|Win32.Build.0 = Debug with FxCop|Win32
		{446B1E21-65A1-4F56-AA2C-D2E24058B2B8}.Debug with FxCop|x64.ActiveCfg = Debug with FxCop|x64
		{446B1E21-65A1-4F56-AA2C-D2E24058B2B8}.Debug with FxCop|x64.Build.0 = Debug with FxCop|x64
		{446B1E21-65A1-4F56-AA2C-D2E24058B2B8}.Debug with FxCop|x86.ActiveCfg = Debug with FxCop|Win32
		{446B1E21-65A1-4F56-AA2C-D2E24058B2B8}.Debug with FxCop|x86.Build.0 = Debug with FxCop|Win32
		{446B1E21-65A1-4F56-AA2C-D2E24058B2B8}.Debug|Any CPU.ActiveCfg = Debug|Win32
		{446B1E21-65A1-4F56-AA2C-D2E24058B2B8}.Debug|Mixed Platforms.ActiveCfg = Debug|Win32
		{446B1E21-65A1-4F56-AA2C-D2E24058B2B8}.Debug|Mixed Platforms.Build.0 = Debug|Win32
		{446B1E21-65A1-4F56-AA2C-D2E24058B2B8}.Debug|Win32.ActiveCfg = Debug|Win32
		{446B1E21-65A1-4F56-AA2C-D2E24058B2B8}.Debug|Win32.Build.0 = Debug|Win32
		{446B1E21-65A1-4F56-AA2C-D2E24058B2B8}.Debug|x64.ActiveCfg = Debug|x64
		{446B1E21-65A1-4F56-AA2C-D2E24058B2B8}.Debug|x64.Build.0 = Debug|x64
		{446B1E21-65A1-4F56-AA2C-D2E24058B2B8}.Debug|x86.ActiveCfg = Debug|Win32
		{446B1E21-65A1-4F56-AA2C-D2E24058B2B8}.Debug|x86.Build.0 = Debug|Win32
		{446B1E21-65A1-4F56-AA2C-D2E24058B2B8}.Release with FxCop|Any CPU.ActiveCfg = Release with FxCop|Win32
		{446B1E21-65A1-4F56-AA2C-D2E24058B2B8}.Release with FxCop|Mixed Platforms.ActiveCfg = Release with FxCop|Win32
		{446B1E21-65A1-4F56-AA2C-D2E24058B2B8}.Release with FxCop|Mixed Platforms.Build.0 = Release with FxCop|Win32
		{446B1E21-65A1-4F56-AA2C-D2E24058B2B8}.Release with FxCop|Win32.ActiveCfg = Release with FxCop|Win32
		{446B1E21-65A1-4F56-AA2C-D2E24058B2B8}.Release with FxCop|Win32.Build.0 = Release with FxCop|Win32
		{446B1E21-65A1-4F56-AA2C-D2E24058B2B8}.Release with FxCop|x64.ActiveCfg = Release with FxCop|x64
		{446B1E21-65A1-4F56-AA2C-D2E24058B2B8}.Release with FxCop|x64.Build.0 = Release with FxCop|x64
		{446B1E21-65A1-4F56-AA2C-D2E24058B2B8}.Release with FxCop|x86.ActiveCfg = Release with FxCop|Win32
		{446B1E21-65A1-4F56-AA2C-D2E24058B2B8}.Release with FxCop|x86.Build.0 = Release with FxCop|Win32
		{446B1E21-65A1-4F56-AA2C-D2E24058B2B8}.Release|Any CPU.ActiveCfg = Release|Win32
		{446B1E21-65A1-4F56-AA2C-D2E24058B2B8}.Release|Mixed Platforms.ActiveCfg = Release|Win32
		{446B1E21-65A1-4F56-AA2C-D2E24058B2B8}.Release|Mixed Platforms.Build.0 = Release|Win32
		{446B1E21-65A1-4F56-AA2C-D2E24058B2B8}.Release|Win32.ActiveCfg = Release|Win32
		{446B1E21-65A1-4F56-AA2C-D2E24058B2B8}.Release|Win32.Build.0 = Release|Win32
		{446B1E21-65A1-4F56-AA2C-D2E24058B2B8}.Release|x64.ActiveCfg = Release|x64
		{446B1E21-65A1-4F56-AA2C-D2E24058B2B8}.Release|x64.Build.0 = Release|x64
		{446B1E21-65A1-4F56-AA2C-D2E24058B2B8}.Release|x86.ActiveCfg = Release|Win32
		{446B1E21-65A1-4F56-AA2C-D2E24058B2B8}.Release|x86.Build.0 = Release|Win32
		{23D0FE6E-42C5-4F0A-B7D3-A918F813CDBB}.Debug with FxCop|Any CPU.ActiveCfg = Debug|Any CPU
		{23D0FE6E-42C5-4F0A-B7D3-A918F813CDBB}.Debug with FxCop|Any CPU.Build.0 = Debug|Any CPU
		{23D0FE6E-42C5-4F0A-B7D3-A918F813CDBB}.Debug with FxCop|Mixed Platforms.ActiveCfg = Debug|x86
		{23D0FE6E-42C5-4F0A-B7D3-A918F813CDBB}.Debug with FxCop|Mixed Platforms.Build.0 = Debug|x86
		{23D0FE6E-42C5-4F0A-B7D3-A918F813CDBB}.Debug with FxCop|Win32.ActiveCfg = Debug|x86
		{23D0FE6E-42C5-4F0A-B7D3-A918F813CDBB}.Debug with FxCop|Win32.Build.0 = Debug|x86
		{23D0FE6E-42C5-4F0A-B7D3-A918F813CDBB}.Debug with FxCop|x64.ActiveCfg = Debug|x64
		{23D0FE6E-42C5-4F0A-B7D3-A918F813CDBB}.Debug with FxCop|x64.Build.0 = Debug|x64
		{23D0FE6E-42C5-4F0A-B7D3-A918F813CDBB}.Debug with FxCop|x86.ActiveCfg = Debug|x86
		{23D0FE6E-42C5-4F0A-B7D3-A918F813CDBB}.Debug with FxCop|x86.Build.0 = Debug|x86
		{23D0FE6E-42C5-4F0A-B7D3-A918F813CDBB}.Debug|Any CPU.ActiveCfg = Debug|Any CPU
		{23D0FE6E-42C5-4F0A-B7D3-A918F813CDBB}.Debug|Any CPU.Build.0 = Debug|Any CPU
		{23D0FE6E-42C5-4F0A-B7D3-A918F813CDBB}.Debug|Mixed Platforms.ActiveCfg = Debug|x86
		{23D0FE6E-42C5-4F0A-B7D3-A918F813CDBB}.Debug|Mixed Platforms.Build.0 = Debug|x86
		{23D0FE6E-42C5-4F0A-B7D3-A918F813CDBB}.Debug|Win32.ActiveCfg = Debug|x86
		{23D0FE6E-42C5-4F0A-B7D3-A918F813CDBB}.Debug|Win32.Build.0 = Debug|x86
		{23D0FE6E-42C5-4F0A-B7D3-A918F813CDBB}.Debug|x64.ActiveCfg = Debug|x64
		{23D0FE6E-42C5-4F0A-B7D3-A918F813CDBB}.Debug|x64.Build.0 = Debug|x64
		{23D0FE6E-42C5-4F0A-B7D3-A918F813CDBB}.Debug|x86.ActiveCfg = Debug|x86
		{23D0FE6E-42C5-4F0A-B7D3-A918F813CDBB}.Debug|x86.Build.0 = Debug|x86
		{23D0FE6E-42C5-4F0A-B7D3-A918F813CDBB}.Release with FxCop|Any CPU.ActiveCfg = Release|Any CPU
		{23D0FE6E-42C5-4F0A-B7D3-A918F813CDBB}.Release with FxCop|Any CPU.Build.0 = Release|Any CPU
		{23D0FE6E-42C5-4F0A-B7D3-A918F813CDBB}.Release with FxCop|Mixed Platforms.ActiveCfg = Release|x86
		{23D0FE6E-42C5-4F0A-B7D3-A918F813CDBB}.Release with FxCop|Mixed Platforms.Build.0 = Release|x86
		{23D0FE6E-42C5-4F0A-B7D3-A918F813CDBB}.Release with FxCop|Win32.ActiveCfg = Release|x86
		{23D0FE6E-42C5-4F0A-B7D3-A918F813CDBB}.Release with FxCop|Win32.Build.0 = Release|x86
		{23D0FE6E-42C5-4F0A-B7D3-A918F813CDBB}.Release with FxCop|x64.ActiveCfg = Release|x64
		{23D0FE6E-42C5-4F0A-B7D3-A918F813CDBB}.Release with FxCop|x64.Build.0 = Release|x64
		{23D0FE6E-42C5-4F0A-B7D3-A918F813CDBB}.Release with FxCop|x86.ActiveCfg = Release|x86
		{23D0FE6E-42C5-4F0A-B7D3-A918F813CDBB}.Release with FxCop|x86.Build.0 = Release|x86
		{23D0FE6E-42C5-4F0A-B7D3-A918F813CDBB}.Release|Any CPU.ActiveCfg = Release|Any CPU
		{23D0FE6E-42C5-4F0A-B7D3-A918F813CDBB}.Release|Any CPU.Build.0 = Release|Any CPU
		{23D0FE6E-42C5-4F0A-B7D3-A918F813CDBB}.Release|Mixed Platforms.ActiveCfg = Release|x86
		{23D0FE6E-42C5-4F0A-B7D3-A918F813CDBB}.Release|Mixed Platforms.Build.0 = Release|x86
		{23D0FE6E-42C5-4F0A-B7D3-A918F813CDBB}.Release|Win32.ActiveCfg = Release|x86
		{23D0FE6E-42C5-4F0A-B7D3-A918F813CDBB}.Release|Win32.Build.0 = Release|x86
		{23D0FE6E-42C5-4F0A-B7D3-A918F813CDBB}.Release|x64.ActiveCfg = Release|x64
		{23D0FE6E-42C5-4F0A-B7D3-A918F813CDBB}.Release|x64.Build.0 = Release|x64
		{23D0FE6E-42C5-4F0A-B7D3-A918F813CDBB}.Release|x86.ActiveCfg = Release|x86
		{23D0FE6E-42C5-4F0A-B7D3-A918F813CDBB}.Release|x86.Build.0 = Release|x86
		{561755E1-9492-4EC2-ACA1-8CF76E6CAC5A}.Debug with FxCop|Any CPU.ActiveCfg = Debug|Any CPU
		{561755E1-9492-4EC2-ACA1-8CF76E6CAC5A}.Debug with FxCop|Any CPU.Build.0 = Debug|Any CPU
		{561755E1-9492-4EC2-ACA1-8CF76E6CAC5A}.Debug with FxCop|Mixed Platforms.ActiveCfg = Debug|x86
		{561755E1-9492-4EC2-ACA1-8CF76E6CAC5A}.Debug with FxCop|Mixed Platforms.Build.0 = Debug|x86
		{561755E1-9492-4EC2-ACA1-8CF76E6CAC5A}.Debug with FxCop|Win32.ActiveCfg = Debug|x86
		{561755E1-9492-4EC2-ACA1-8CF76E6CAC5A}.Debug with FxCop|Win32.Build.0 = Debug|x86
		{561755E1-9492-4EC2-ACA1-8CF76E6CAC5A}.Debug with FxCop|x64.ActiveCfg = Debug|x64
		{561755E1-9492-4EC2-ACA1-8CF76E6CAC5A}.Debug with FxCop|x64.Build.0 = Debug|x64
		{561755E1-9492-4EC2-ACA1-8CF76E6CAC5A}.Debug with FxCop|x86.ActiveCfg = Debug|x86
		{561755E1-9492-4EC2-ACA1-8CF76E6CAC5A}.Debug with FxCop|x86.Build.0 = Debug|x86
		{561755E1-9492-4EC2-ACA1-8CF76E6CAC5A}.Debug|Any CPU.ActiveCfg = Debug|Any CPU
		{561755E1-9492-4EC2-ACA1-8CF76E6CAC5A}.Debug|Any CPU.Build.0 = Debug|Any CPU
		{561755E1-9492-4EC2-ACA1-8CF76E6CAC5A}.Debug|Mixed Platforms.ActiveCfg = Debug|x86
		{561755E1-9492-4EC2-ACA1-8CF76E6CAC5A}.Debug|Mixed Platforms.Build.0 = Debug|x86
		{561755E1-9492-4EC2-ACA1-8CF76E6CAC5A}.Debug|Win32.ActiveCfg = Debug|x86
		{561755E1-9492-4EC2-ACA1-8CF76E6CAC5A}.Debug|Win32.Build.0 = Debug|x86
		{561755E1-9492-4EC2-ACA1-8CF76E6CAC5A}.Debug|x64.ActiveCfg = Debug|x64
		{561755E1-9492-4EC2-ACA1-8CF76E6CAC5A}.Debug|x64.Build.0 = Debug|x64
		{561755E1-9492-4EC2-ACA1-8CF76E6CAC5A}.Debug|x86.ActiveCfg = Debug|x86
		{561755E1-9492-4EC2-ACA1-8CF76E6CAC5A}.Debug|x86.Build.0 = Debug|x86
		{561755E1-9492-4EC2-ACA1-8CF76E6CAC5A}.Release with FxCop|Any CPU.ActiveCfg = Release|Any CPU
		{561755E1-9492-4EC2-ACA1-8CF76E6CAC5A}.Release with FxCop|Any CPU.Build.0 = Release|Any CPU
		{561755E1-9492-4EC2-ACA1-8CF76E6CAC5A}.Release with FxCop|Mixed Platforms.ActiveCfg = Release|x86
		{561755E1-9492-4EC2-ACA1-8CF76E6CAC5A}.Release with FxCop|Mixed Platforms.Build.0 = Release|x86
		{561755E1-9492-4EC2-ACA1-8CF76E6CAC5A}.Release with FxCop|Win32.ActiveCfg = Release|x86
		{561755E1-9492-4EC2-ACA1-8CF76E6CAC5A}.Release with FxCop|Win32.Build.0 = Release|x86
		{561755E1-9492-4EC2-ACA1-8CF76E6CAC5A}.Release with FxCop|x64.ActiveCfg = Release|x64
		{561755E1-9492-4EC2-ACA1-8CF76E6CAC5A}.Release with FxCop|x64.Build.0 = Release|x64
		{561755E1-9492-4EC2-ACA1-8CF76E6CAC5A}.Release with FxCop|x86.ActiveCfg = Release|x86
		{561755E1-9492-4EC2-ACA1-8CF76E6CAC5A}.Release with FxCop|x86.Build.0 = Release|x86
		{561755E1-9492-4EC2-ACA1-8CF76E6CAC5A}.Release|Any CPU.ActiveCfg = Release|Any CPU
		{561755E1-9492-4EC2-ACA1-8CF76E6CAC5A}.Release|Any CPU.Build.0 = Release|Any CPU
		{561755E1-9492-4EC2-ACA1-8CF76E6CAC5A}.Release|Mixed Platforms.ActiveCfg = Release|x86
		{561755E1-9492-4EC2-ACA1-8CF76E6CAC5A}.Release|Mixed Platforms.Build.0 = Release|x86
		{561755E1-9492-4EC2-ACA1-8CF76E6CAC5A}.Release|Win32.ActiveCfg = Release|x86
		{561755E1-9492-4EC2-ACA1-8CF76E6CAC5A}.Release|Win32.Build.0 = Release|x86
		{561755E1-9492-4EC2-ACA1-8CF76E6CAC5A}.Release|x64.ActiveCfg = Release|x64
		{561755E1-9492-4EC2-ACA1-8CF76E6CAC5A}.Release|x64.Build.0 = Release|x64
		{561755E1-9492-4EC2-ACA1-8CF76E6CAC5A}.Release|x86.ActiveCfg = Release|x86
		{561755E1-9492-4EC2-ACA1-8CF76E6CAC5A}.Release|x86.Build.0 = Release|x86
	EndGlobalSection
	GlobalSection(SolutionProperties) = preSolution
		HideSolutionNode = FALSE
	EndGlobalSection
EndGlobal
